# This file is automatically @generated by Poetry 2.2.1 and should not be changed by hand.

[[package]]
name = "beautifulsoup4"
version = "4.14.3"
description = "Screen-scraping library"
optional = false
python-versions = ">=3.7.0"
groups = ["main"]
files = [
    {file = "beautifulsoup4-4.14.3-py3-none-any.whl", hash = "sha256:0918bfe44902e6ad8d57732ba310582e98da931428d231a5ecb9e7c703a735bb"},
    {file = "beautifulsoup4-4.14.3.tar.gz", hash = "sha256:6292b1c5186d356bba669ef9f7f051757099565ad9ada5dd630bd9de5fa7fb86"},
]

[package.dependencies]
soupsieve = ">=1.6.1"
typing-extensions = ">=4.0.0"

[package.extras]
cchardet = ["cchardet"]
chardet = ["chardet"]
charset-normalizer = ["charset-normalizer"]
html5lib = ["html5lib"]
lxml = ["lxml"]

[[package]]
name = "psutil"
version = "7.2.0"
description = "Cross-platform lib for process and system monitoring."
optional = false
python-versions = ">=3.6"
groups = ["main"]
files = [
    {file = "psutil-7.2.0-cp313-cp313t-macosx_10_13_x86_64.whl", hash = "sha256:c31e927555539132a00380c971816ea43d089bf4bd5f3e918ed8c16776d68474"},
    {file = "psutil-7.2.0-cp313-cp313t-macosx_11_0_arm64.whl", hash = "sha256:db8e44e766cef86dea47d9a1fa535d38dc76449e5878a92f33683b7dba5bfcb2"},
    {file = "psutil-7.2.0-cp313-cp313t-manylinux2010_x86_64.manylinux_2_12_x86_64.manylinux_2_28_x86_64.whl", hash = "sha256:85ef849ac92169dedc59a7ac2fb565f47b3468fbe1524bf748746bc21afb94c7"},
    {file = "psutil-7.2.0-cp313-cp313t-manylinux2014_aarch64.manylinux_2_17_aarch64.manylinux_2_28_aarch64.whl", hash = "sha256:26782bdbae2f5c14ce9ebe8ad2411dc2ca870495e0cd90f8910ede7fa5e27117"},
    {file = "psutil-7.2.0-cp313-cp313t-win_amd64.whl", hash = "sha256:b7665f612d3b38a583391b95969667a53aaf6c5706dc27a602c9a4874fbf09e4"},
    {file = "psutil-7.2.0-cp313-cp313t-win_arm64.whl", hash = "sha256:4413373c174520ae28a24a8974ad8ce6b21f060d27dde94e25f8c73a7effe57a"},
    {file = "psutil-7.2.0-cp314-cp314t-macosx_10_15_x86_64.whl", hash = "sha256:2f2f53fd114e7946dfba3afb98c9b7c7f376009447360ca15bfb73f2066f84c7"},
    {file = "psutil-7.2.0-cp314-cp314t-macosx_11_0_arm64.whl", hash = "sha256:e65c41d7e60068f60ce43b31a3a7fc90deb0dfd34ffc824a2574c2e5279b377e"},
    {file = "psutil-7.2.0-cp314-cp314t-manylinux2010_x86_64.manylinux_2_12_x86_64.manylinux_2_28_x86_64.whl", hash = "sha256:cc66d21366850a4261412ce994ae9976bba9852dafb4f2fa60db68ed17ff5281"},
    {file = "psutil-7.2.0-cp314-cp314t-manylinux2014_aarch64.manylinux_2_17_aarch64.manylinux_2_28_aarch64.whl", hash = "sha256:e025d67b42b8f22b096d5d20f5171de0e0fefb2f0ce983a13c5a1b5ed9872706"},
    {file = "psutil-7.2.0-cp314-cp314t-win_amd64.whl", hash = "sha256:45f6b91f7ad63414d6454fd609e5e3556d0e1038d5d9c75a1368513bdf763f57"},
    {file = "psutil-7.2.0-cp314-cp314t-win_arm64.whl", hash = "sha256:87b18a19574139d60a546e88b5f5b9cbad598e26cdc790d204ab95d7024f03ee"},
    {file = "psutil-7.2.0-cp36-abi3-macosx_10_9_x86_64.whl", hash = "sha256:977a2fcd132d15cb05b32b2d85b98d087cad039b0ce435731670ba74da9e6133"},
    {file = "psutil-7.2.0-cp36-abi3-macosx_11_0_arm64.whl", hash = "sha256:24151011c21fadd94214d7139d7c6c54569290d7e553989bdf0eab73b13beb8c"},
    {file = "psutil-7.2.0-cp36-abi3-manylinux2010_x86_64.manylinux_2_12_x86_64.manylinux_2_28_x86_64.whl", hash = "sha256:91f211ba9279e7c61d9d8f84b713cfc38fa161cb0597d5cb3f1ca742f6848254"},
    {file = "psutil-7.2.0-cp36-abi3-manylinux2014_aarch64.manylinux_2_17_aarch64.manylinux_2_28_aarch64.whl", hash = "sha256:f37415188b7ea98faf90fed51131181646c59098b077550246e2e092e127418b"},
    {file = "psutil-7.2.0-cp36-abi3-musllinux_1_2_aarch64.whl", hash = "sha256:0d12c7ce6ed1128cd81fd54606afa054ac7dbb9773469ebb58cf2f171c49f2ac"},
    {file = "psutil-7.2.0-cp36-abi3-musllinux_1_2_x86_64.whl", hash = "sha256:ca0faef7976530940dcd39bc5382d0d0d5eb023b186a4901ca341bd8d8684151"},
    {file = "psutil-7.2.0-cp37-abi3-win_amd64.whl", hash = "sha256:abdb74137ca232d20250e9ad471f58d500e7743bc8253ba0bfbf26e570c0e437"},
    {file = "psutil-7.2.0-cp37-abi3-win_arm64.whl", hash = "sha256:284e71038b3139e7ab3834b63b3eb5aa5565fcd61a681ec746ef9a0a8c457fd2"},
    {file = "psutil-7.2.0.tar.gz", hash = "sha256:2e4f8e1552f77d14dc96fb0f6240c5b34a37081c0889f0853b3b29a496e5ef64"},
]

[package.extras]
dev = ["abi3audit", "black", "check-manifest", "coverage", "packaging", "psleak", "pylint", "pyperf", "pypinfo", "pytest", "pytest-cov", "pytest-instafail", "pytest-xdist", "requests", "rstcheck", "ruff", "setuptools", "sphinx", "sphinx_rtd_theme", "toml-sort", "twine", "validate-pyproject[all]", "virtualenv", "vulture", "wheel"]
test = ["psleak", "pytest", "pytest-instafail", "pytest-xdist", "setuptools"]

[[package]]
name = "soupsieve"
version = "2.8.1"
description = "A modern CSS selector implementation for Beautiful Soup."
optional = false
python-versions = ">=3.9"
groups = ["main"]
files = [
    {file = "soupsieve-2.8.1-py3-none-any.whl", hash = "sha256:a11fe2a6f3d76ab3cf2de04eb339c1be5b506a8a47f2ceb6d139803177f85434"},
    {file = "soupsieve-2.8.1.tar.gz", hash = "sha256:4cf733bc50fa805f5df4b8ef4740fc0e0fa6218cf3006269afd3f9d6d80fd350"},
]

[[package]]
name = "typing-extensions"
version = "4.15.0"
description = "Backported and Experimental Type Hints for Python 3.9+"
optional = false
python-versions = ">=3.9"
groups = ["main"]
files = [
    {file = "typing_extensions-4.15.0-py3-none-any.whl", hash = "sha256:f0fa19c6845758ab08074a0cfa8b7aecb71c999ca73d62883bc25cc018c4e548"},
    {file = "typing_extensions-4.15.0.tar.gz", hash = "sha256:0cea48d173cc12fa28ecabc3b837ea3cf6f38c6d1136f85cbaaf598984861466"},
]

[metadata]
lock-version = "2.1"
python-versions = "^3.13"
content-hash = "0cab65b41ead737a5f9c9505acb1ff2ad028d86a6ef72be64c8e5bbe117beaff"
